<?xml version="1.0" encoding="utf-8"?>
<Project ToolsVersion="4.0" xmlns="http://schemas.microsoft.com/developer/msbuild/2003">
  <ItemGroup>
    <Filter Include="소스 파일">
      <UniqueIdentifier>{4FC737F1-C7A5-4376-A066-2A32D752A2FF}</UniqueIdentifier>
      <Extensions>cpp;c;cc;cxx;c++;cppm;ixx;def;odl;idl;hpj;bat;asm;asmx</Extensions>
    </Filter>
    <Filter Include="헤더 파일">
      <UniqueIdentifier>{93995380-89BD-4b04-88EB-625FBE52EBFB}</UniqueIdentifier>
      <Extensions>h;hh;hpp;hxx;h++;hm;inl;inc;ipp;xsd</Extensions>
    </Filter>
    <Filter Include="리소스 파일">
      <UniqueIdentifier>{67DA6AB6-F800-4c08-8B7A-83BB121AAD01}</UniqueIdentifier>
      <Extensions>rc;ico;cur;bmp;dlg;rc2;rct;bin;rgs;gif;jpg;jpeg;jpe;resx;tiff;tif;png;wav;mfcribbon-ms</Extensions>
    </Filter>
    <Filter Include="소스 파일\7장">
      <UniqueIdentifier>{51b8ddf4-0d1a-4f99-a8e4-4249b28bad5f}</UniqueIdentifier>
    </Filter>
    <Filter Include="소스 파일\6장">
      <UniqueIdentifier>{e9cf4e78-b095-4d9d-a92f-d3b72ca5bcd7}</UniqueIdentifier>
    </Filter>
    <Filter Include="소스 파일\족보">
      <UniqueIdentifier>{fc9825d3-339b-4978-98a4-11098f3c7cdd}</UniqueIdentifier>
    </Filter>
    <Filter Include="소스 파일\족보\기말고사">
      <UniqueIdentifier>{21061a04-de6f-43bd-bf5c-0ca8430d86cd}</UniqueIdentifier>
    </Filter>
    <Filter Include="소스 파일\8장">
      <UniqueIdentifier>{f3dac2bf-a52a-4155-9a85-f7b97c7f6953}</UniqueIdentifier>
    </Filter>
    <Filter Include="소스 파일\족보\중간고사">
      <UniqueIdentifier>{881a3eea-6cce-4702-bae3-947b96ed1bf7}</UniqueIdentifier>
    </Filter>
    <Filter Include="소스 파일\족보\기말고사\18년도">
      <UniqueIdentifier>{dbfb331c-ab6e-42fb-ba49-cd66a505fed2}</UniqueIdentifier>
    </Filter>
    <Filter Include="소스 파일\족보\기말고사\16년도">
      <UniqueIdentifier>{047e970a-e9d2-4dda-8d9c-e782893678f5}</UniqueIdentifier>
    </Filter>
  </ItemGroup>
  <ItemGroup>
    <ClInclude Include="main.h">
      <Filter>헤더 파일</Filter>
    </ClInclude>
  </ItemGroup>
  <ItemGroup>
    <ClCompile Include="7.11번 stack.cpp">
      <Filter>소스 파일\7장</Filter>
    </ClCompile>
    <ClCompile Include="7.12.cpp">
      <Filter>소스 파일\7장</Filter>
    </ClCompile>
    <ClCompile Include="6.6.cpp">
      <Filter>소스 파일\6장</Filter>
    </ClCompile>
    <ClCompile Include="8장연습.cpp">
      <Filter>소스 파일\8장</Filter>
    </ClCompile>
    <ClCompile Include="18년도_1번2번.cpp">
      <Filter>소스 파일\족보\중간고사</Filter>
    </ClCompile>
    <ClCompile Include="18년도_3번_4번.cpp">
      <Filter>소스 파일\족보\중간고사</Filter>
    </ClCompile>
    <ClCompile Include="8장연습2.cpp">
      <Filter>소스 파일\8장</Filter>
    </ClCompile>
    <ClCompile Include="3번.cpp">
      <Filter>소스 파일\족보\기말고사\16년도</Filter>
    </ClCompile>
    <ClCompile Include="1번.cpp">
      <Filter>소스 파일\족보\기말고사\16년도</Filter>
    </ClCompile>
    <ClCompile Include="2번.cpp">
      <Filter>소스 파일\족보\기말고사\16년도</Filter>
    </ClCompile>
    <ClCompile Include="18_1.cpp">
      <Filter>소스 파일\족보\기말고사\18년도</Filter>
    </ClCompile>
    <ClCompile Include="18_2.cpp">
      <Filter>소스 파일\족보\기말고사\18년도</Filter>
    </ClCompile>
    <ClCompile Include="18_3.cpp">
      <Filter>소스 파일\족보\기말고사\18년도</Filter>
    </ClCompile>
    <ClCompile Include="18_4.cpp">
      <Filter>소스 파일\족보\기말고사\18년도</Filter>
    </ClCompile>
  </ItemGroup>
</Project>